
Microsoft Visual Studio Solution File, Format Version 12.00
# Visual Studio Version 16
VisualStudioVersion = 16.0.30225.117
MinimumVisualStudioVersion = 10.0.40219.1
Project("{FAE04EC0-301F-11D3-BF4B-00C04F79EFBC}") = "Comp123-301118326-Arshdeep Singh", "Comp123-301118326-Arshdeep Singh\Comp123-301118326-Arshdeep Singh.csproj", "{71156958-999F-43B6-AF08-32E5EA0703C0}"
EndProject
Global
	GlobalSection(SolutionConfigurationPlatforms) = preSolution
		Debug|Any CPU = Debug|Any CPU
		Release|Any CPU = Release|Any CPU
	EndGlobalSection
	GlobalSection(ProjectConfigurationPlatforms) = postSolution
		{71156958-999F-43B6-AF08-32E5EA0703C0}.Debug|Any CPU.ActiveCfg = Debug|Any CPU
		{71156958-999F-43B6-AF08-32E5EA0703C0}.Debug|Any CPU.Build.0 = Debug|Any CPU
		{71156958-999F-43B6-AF08-32E5EA0703C0}.Release|Any CPU.ActiveCfg = Release|Any CPU
		{71156958-999F-43B6-AF08-32E5EA0703C0}.Release|Any CPU.Build.0 = Release|Any CPU
	EndGlobalSection
	GlobalSection(SolutionProperties) = preSolution
		HideSolutionNode = FALSE
	EndGlobalSection
	GlobalSection(ExtensibilityGlobals) = postSolution
		SolutionGuid = {C5CECD9C-97FC-4D0C-82B6-94732D367E89}
	EndGlobalSection
EndGlobal
